
Microsoft Visual Studio Solution File, Format Version 12.00
# Visual Studio Version 17
VisualStudioVersion = 17.0.31903.59
MinimumVisualStudioVersion = 10.0.40219.1
Project("{9A19103F-16F7-4668-BE54-9A1E7A4F7556}") = "AniGate.Core", "AniGate.Core\AniGate.Core.csproj", "{E2A64231-007F-495A-B0DD-D555BB646C6B}"
EndProject
Project("{9A19103F-16F7-4668-BE54-9A1E7A4F7556}") = "AniGate.RavenDataAccess", "AniGate.RavenDataAccess\AniGate.RavenDataAccess.csproj", "{4940E430-5304-439D-ACEF-766BB51A6D8F}"
EndProject
Project("{9A19103F-16F7-4668-BE54-9A1E7A4F7556}") = "AniGate.WpfClient", "AniGate.WpfClient\AniGate.WpfClient.csproj", "{4284C62C-DC9B-4713-8F29-BE6CBD1CE181}"
EndProject
Project("{930C7802-8A8C-48F9-8165-68863BCCD9DD}") = "AniGate.WixSetup", "AniGate.WixSetup\AniGate.WixSetup.wixproj", "{F3AAA56A-A188-4C04-ACA2-DC505A131EE7}"
EndProject
Global
	GlobalSection(SolutionConfigurationPlatforms) = preSolution
		Debug|Any CPU = Debug|Any CPU
		Debug|x86 = Debug|x86
		Release|Any CPU = Release|Any CPU
		Release|x86 = Release|x86
	EndGlobalSection
	GlobalSection(ProjectConfigurationPlatforms) = postSolution
		{E2A64231-007F-495A-B0DD-D555BB646C6B}.Debug|Any CPU.ActiveCfg = Debug|Any CPU
		{E2A64231-007F-495A-B0DD-D555BB646C6B}.Debug|Any CPU.Build.0 = Debug|Any CPU
		{E2A64231-007F-495A-B0DD-D555BB646C6B}.Debug|x86.ActiveCfg = Debug|Any CPU
		{E2A64231-007F-495A-B0DD-D555BB646C6B}.Debug|x86.Build.0 = Debug|Any CPU
		{E2A64231-007F-495A-B0DD-D555BB646C6B}.Release|Any CPU.ActiveCfg = Release|Any CPU
		{E2A64231-007F-495A-B0DD-D555BB646C6B}.Release|Any CPU.Build.0 = Release|Any CPU
		{E2A64231-007F-495A-B0DD-D555BB646C6B}.Release|x86.ActiveCfg = Release|Any CPU
		{E2A64231-007F-495A-B0DD-D555BB646C6B}.Release|x86.Build.0 = Release|Any CPU
		{4940E430-5304-439D-ACEF-766BB51A6D8F}.Debug|Any CPU.ActiveCfg = Debug|Any CPU
		{4940E430-5304-439D-ACEF-766BB51A6D8F}.Debug|Any CPU.Build.0 = Debug|Any CPU
		{4940E430-5304-439D-ACEF-766BB51A6D8F}.Debug|x86.ActiveCfg = Debug|Any CPU
		{4940E430-5304-439D-ACEF-766BB51A6D8F}.Debug|x86.Build.0 = Debug|Any CPU
		{4940E430-5304-439D-ACEF-766BB51A6D8F}.Release|Any CPU.ActiveCfg = Release|Any CPU
		{4940E430-5304-439D-ACEF-766BB51A6D8F}.Release|Any CPU.Build.0 = Release|Any CPU
		{4940E430-5304-439D-ACEF-766BB51A6D8F}.Release|x86.ActiveCfg = Release|Any CPU
		{4940E430-5304-439D-ACEF-766BB51A6D8F}.Release|x86.Build.0 = Release|Any CPU
		{4284C62C-DC9B-4713-8F29-BE6CBD1CE181}.Debug|Any CPU.ActiveCfg = Debug|Any CPU
		{4284C62C-DC9B-4713-8F29-BE6CBD1CE181}.Debug|Any CPU.Build.0 = Debug|Any CPU
		{4284C62C-DC9B-4713-8F29-BE6CBD1CE181}.Debug|x86.ActiveCfg = Debug|Any CPU
		{4284C62C-DC9B-4713-8F29-BE6CBD1CE181}.Debug|x86.Build.0 = Debug|Any CPU
		{4284C62C-DC9B-4713-8F29-BE6CBD1CE181}.Release|Any CPU.ActiveCfg = Release|Any CPU
		{4284C62C-DC9B-4713-8F29-BE6CBD1CE181}.Release|Any CPU.Build.0 = Release|Any CPU
		{4284C62C-DC9B-4713-8F29-BE6CBD1CE181}.Release|x86.ActiveCfg = Release|Any CPU
		{4284C62C-DC9B-4713-8F29-BE6CBD1CE181}.Release|x86.Build.0 = Release|Any CPU
		{F3AAA56A-A188-4C04-ACA2-DC505A131EE7}.Debug|Any CPU.ActiveCfg = Debug|x86
		{F3AAA56A-A188-4C04-ACA2-DC505A131EE7}.Debug|x86.ActiveCfg = Debug|x86
		{F3AAA56A-A188-4C04-ACA2-DC505A131EE7}.Debug|x86.Build.0 = Debug|x86
		{F3AAA56A-A188-4C04-ACA2-DC505A131EE7}.Release|Any CPU.ActiveCfg = Release|x86
		{F3AAA56A-A188-4C04-ACA2-DC505A131EE7}.Release|Any CPU.Build.0 = Release|x86
		{F3AAA56A-A188-4C04-ACA2-DC505A131EE7}.Release|x86.ActiveCfg = Release|x86
		{F3AAA56A-A188-4C04-ACA2-DC505A131EE7}.Release|x86.Build.0 = Release|x86
	EndGlobalSection
	GlobalSection(SolutionProperties) = preSolution
		HideSolutionNode = FALSE
	EndGlobalSection
	GlobalSection(ExtensibilityGlobals) = postSolution
		SolutionGuid = {81C4C5DE-F862-489A-B51D-F662013B7B4A}
	EndGlobalSection
EndGlobal
